
Microsoft Visual Studio Solution File, Format Version 12.00
# Visual Studio Version 16
VisualStudioVersion = 16.0.31410.357
MinimumVisualStudioVersion = 10.0.40219.1
Project("{FAE04EC0-301F-11D3-BF4B-00C04F79EFBC}") = "CodeFirstEF", "CodeFirstEF.csproj", "{A0318D0E-5D98-4566-99B9-1CAAFC6D3872}"
EndProject
Global
	GlobalSection(SolutionConfigurationPlatforms) = preSolution
		Debug|Any CPU = Debug|Any CPU
		Release|Any CPU = Release|Any CPU
	EndGlobalSection
	GlobalSection(ProjectConfigurationPlatforms) = postSolution
		{A0318D0E-5D98-4566-99B9-1CAAFC6D3872}.Debug|Any CPU.ActiveCfg = Debug|Any CPU
		{A0318D0E-5D98-4566-99B9-1CAAFC6D3872}.Debug|Any CPU.Build.0 = Debug|Any CPU
		{A0318D0E-5D98-4566-99B9-1CAAFC6D3872}.Release|Any CPU.ActiveCfg = Release|Any CPU
		{A0318D0E-5D98-4566-99B9-1CAAFC6D3872}.Release|Any CPU.Build.0 = Release|Any CPU
	EndGlobalSection
	GlobalSection(SolutionProperties) = preSolution
		HideSolutionNode = FALSE
	EndGlobalSection
	GlobalSection(ExtensibilityGlobals) = postSolution
		SolutionGuid = {7A5BFD2B-9439-4854-A287-2A4BC5B8A4A4}
	EndGlobalSection
EndGlobal
